Microsoft Visual Studio Solution File, Format Version 12.00
# Visual Studio Version 17
VisualStudioVersion = 17.5.2.0
MinimumVisualStudioVersion = 10.0.40219.1
Project("{FAE04EC0-301F-11D3-BF4B-00C04F79EFBC}") = "OOP_HomeWork", "OOP_HomeWork.csproj", "{069337AB-C269-DBC0-10FE-A5DFB33E7EC5}"
EndProject
Global
	GlobalSection(SolutionConfigurationPlatforms) = preSolution
		Debug|Any CPU = Debug|Any CPU
		Release|Any CPU = Release|Any CPU
	EndGlobalSection
	GlobalSection(ProjectConfigurationPlatforms) = postSolution
		{069337AB-C269-DBC0-10FE-A5DFB33E7EC5}.Debug|Any CPU.ActiveCfg = Debug|Any CPU
		{069337AB-C269-DBC0-10FE-A5DFB33E7EC5}.Debug|Any CPU.Build.0 = Debug|Any CPU
		{069337AB-C269-DBC0-10FE-A5DFB33E7EC5}.Release|Any CPU.ActiveCfg = Release|Any CPU
		{069337AB-C269-DBC0-10FE-A5DFB33E7EC5}.Release|Any CPU.Build.0 = Release|Any CPU
	EndGlobalSection
	GlobalSection(SolutionProperties) = preSolution
		HideSolutionNode = FALSE
	EndGlobalSection
	GlobalSection(ExtensibilityGlobals) = postSolution
		SolutionGuid = {C4D50F11-BDB3-4529-9F4D-C684BA89AD29}
	EndGlobalSection
EndGlobal
