Microsoft Visual Studio Solution File, Format Version 12.00
# Visual Studio Version 17
VisualStudioVersion = 17.5.2.0
MinimumVisualStudioVersion = 10.0.40219.1
Project("{FAE04EC0-301F-11D3-BF4B-00C04F79EFBC}") = "03_Datetime_Methods_HomeWork", "03_Datetime_Methods_HomeWork.csproj", "{1C9AFDF8-ECF4-AD1D-C07D-8313469982FD}"
EndProject
Global
	GlobalSection(SolutionConfigurationPlatforms) = preSolution
		Debug|Any CPU = Debug|Any CPU
		Release|Any CPU = Release|Any CPU
	EndGlobalSection
	GlobalSection(ProjectConfigurationPlatforms) = postSolution
		{1C9AFDF8-ECF4-AD1D-C07D-8313469982FD}.Debug|Any CPU.ActiveCfg = Debug|Any CPU
		{1C9AFDF8-ECF4-AD1D-C07D-8313469982FD}.Debug|Any CPU.Build.0 = Debug|Any CPU
		{1C9AFDF8-ECF4-AD1D-C07D-8313469982FD}.Release|Any CPU.ActiveCfg = Release|Any CPU
		{1C9AFDF8-ECF4-AD1D-C07D-8313469982FD}.Release|Any CPU.Build.0 = Release|Any CPU
	EndGlobalSection
	GlobalSection(SolutionProperties) = preSolution
		HideSolutionNode = FALSE
	EndGlobalSection
	GlobalSection(ExtensibilityGlobals) = postSolution
		SolutionGuid = {6663FCDB-8862-4A7A-8914-647864EED259}
	EndGlobalSection
EndGlobal
