Microsoft Visual Studio Solution File, Format Version 12.00
# Visual Studio Version 17
VisualStudioVersion = 17.5.2.0
MinimumVisualStudioVersion = 10.0.40219.1
Project("{FAE04EC0-301F-11D3-BF4B-00C04F79EFBC}") = "Proje09_Diziler", "Proje09_Diziler.csproj", "{94A45C05-28EE-2D68-0A4B-5BA18807B48E}"
EndProject
Global
	GlobalSection(SolutionConfigurationPlatforms) = preSolution
		Debug|Any CPU = Debug|Any CPU
		Release|Any CPU = Release|Any CPU
	EndGlobalSection
	GlobalSection(ProjectConfigurationPlatforms) = postSolution
		{94A45C05-28EE-2D68-0A4B-5BA18807B48E}.Debug|Any CPU.ActiveCfg = Debug|Any CPU
		{94A45C05-28EE-2D68-0A4B-5BA18807B48E}.Debug|Any CPU.Build.0 = Debug|Any CPU
		{94A45C05-28EE-2D68-0A4B-5BA18807B48E}.Release|Any CPU.ActiveCfg = Release|Any CPU
		{94A45C05-28EE-2D68-0A4B-5BA18807B48E}.Release|Any CPU.Build.0 = Release|Any CPU
	EndGlobalSection
	GlobalSection(SolutionProperties) = preSolution
		HideSolutionNode = FALSE
	EndGlobalSection
	GlobalSection(ExtensibilityGlobals) = postSolution
		SolutionGuid = {EB910125-32E1-4433-8629-336F784EA24B}
	EndGlobalSection
EndGlobal
