Microsoft Visual Studio Solution File, Format Version 12.00
# Visual Studio Version 17
VisualStudioVersion = 17.5.2.0
MinimumVisualStudioVersion = 10.0.40219.1
Project("{FAE04EC0-301F-11D3-BF4B-00C04F79EFBC}") = "HomeWork17", "HomeWork17.csproj", "{0524F85A-F71C-6902-C0A2-8C104C6AFD73}"
EndProject
Global
	GlobalSection(SolutionConfigurationPlatforms) = preSolution
		Debug|Any CPU = Debug|Any CPU
		Release|Any CPU = Release|Any CPU
	EndGlobalSection
	GlobalSection(ProjectConfigurationPlatforms) = postSolution
		{0524F85A-F71C-6902-C0A2-8C104C6AFD73}.Debug|Any CPU.ActiveCfg = Debug|Any CPU
		{0524F85A-F71C-6902-C0A2-8C104C6AFD73}.Debug|Any CPU.Build.0 = Debug|Any CPU
		{0524F85A-F71C-6902-C0A2-8C104C6AFD73}.Release|Any CPU.ActiveCfg = Release|Any CPU
		{0524F85A-F71C-6902-C0A2-8C104C6AFD73}.Release|Any CPU.Build.0 = Release|Any CPU
	EndGlobalSection
	GlobalSection(SolutionProperties) = preSolution
		HideSolutionNode = FALSE
	EndGlobalSection
	GlobalSection(ExtensibilityGlobals) = postSolution
		SolutionGuid = {5FE0DBC8-5266-45EB-AFAB-23E51F7FEFA7}
	EndGlobalSection
EndGlobal
