Microsoft Visual Studio Solution File, Format Version 12.00
# Visual Studio Version 17
VisualStudioVersion = 17.5.2.0
MinimumVisualStudioVersion = 10.0.40219.1
Project("{FAE04EC0-301F-11D3-BF4B-00C04F79EFBC}") = "10_While_Dongusu_HomeWork", "10_While_Dongusu_HomeWork.csproj", "{AFB92B8D-4BBA-D8E8-8C7F-E8E3FBC1B91C}"
EndProject
Global
	GlobalSection(SolutionConfigurationPlatforms) = preSolution
		Debug|Any CPU = Debug|Any CPU
		Release|Any CPU = Release|Any CPU
	EndGlobalSection
	GlobalSection(ProjectConfigurationPlatforms) = postSolution
		{AFB92B8D-4BBA-D8E8-8C7F-E8E3FBC1B91C}.Debug|Any CPU.ActiveCfg = Debug|Any CPU
		{AFB92B8D-4BBA-D8E8-8C7F-E8E3FBC1B91C}.Debug|Any CPU.Build.0 = Debug|Any CPU
		{AFB92B8D-4BBA-D8E8-8C7F-E8E3FBC1B91C}.Release|Any CPU.ActiveCfg = Release|Any CPU
		{AFB92B8D-4BBA-D8E8-8C7F-E8E3FBC1B91C}.Release|Any CPU.Build.0 = Release|Any CPU
	EndGlobalSection
	GlobalSection(SolutionProperties) = preSolution
		HideSolutionNode = FALSE
	EndGlobalSection
	GlobalSection(ExtensibilityGlobals) = postSolution
		SolutionGuid = {5F3AA716-2B6D-48C7-B3E8-A1E10CFDED4F}
	EndGlobalSection
EndGlobal
