Microsoft Visual Studio Solution File, Format Version 12.00
# Visual Studio Version 17
VisualStudioVersion = 17.5.2.0
MinimumVisualStudioVersion = 10.0.40219.1
Project("{FAE04EC0-301F-11D3-BF4B-00C04F79EFBC}") = "Alistirma01", "Alistirma01.csproj", "{953C7B2E-D59A-888F-3BE8-A8EFC3BB134B}"
EndProject
Global
	GlobalSection(SolutionConfigurationPlatforms) = preSolution
		Debug|Any CPU = Debug|Any CPU
		Release|Any CPU = Release|Any CPU
	EndGlobalSection
	GlobalSection(ProjectConfigurationPlatforms) = postSolution
		{953C7B2E-D59A-888F-3BE8-A8EFC3BB134B}.Debug|Any CPU.ActiveCfg = Debug|Any CPU
		{953C7B2E-D59A-888F-3BE8-A8EFC3BB134B}.Debug|Any CPU.Build.0 = Debug|Any CPU
		{953C7B2E-D59A-888F-3BE8-A8EFC3BB134B}.Release|Any CPU.ActiveCfg = Release|Any CPU
		{953C7B2E-D59A-888F-3BE8-A8EFC3BB134B}.Release|Any CPU.Build.0 = Release|Any CPU
	EndGlobalSection
	GlobalSection(SolutionProperties) = preSolution
		HideSolutionNode = FALSE
	EndGlobalSection
	GlobalSection(ExtensibilityGlobals) = postSolution
		SolutionGuid = {7785EF4A-7442-46CF-8F54-6154C7A8CAE1}
	EndGlobalSection
EndGlobal
