Microsoft Visual Studio Solution File, Format Version 12.00
# Visual Studio Version 17
VisualStudioVersion = 17.5.2.0
MinimumVisualStudioVersion = 10.0.40219.1
Project("{FAE04EC0-301F-11D3-BF4B-00C04F79EFBC}") = "Odev02_Banka_Hesap", "Odev02_Banka_Hesap.csproj", "{C2F2BD62-26EF-83A6-99D5-A0E61478A40A}"
EndProject
Global
	GlobalSection(SolutionConfigurationPlatforms) = preSolution
		Debug|Any CPU = Debug|Any CPU
		Release|Any CPU = Release|Any CPU
	EndGlobalSection
	GlobalSection(ProjectConfigurationPlatforms) = postSolution
		{C2F2BD62-26EF-83A6-99D5-A0E61478A40A}.Debug|Any CPU.ActiveCfg = Debug|Any CPU
		{C2F2BD62-26EF-83A6-99D5-A0E61478A40A}.Debug|Any CPU.Build.0 = Debug|Any CPU
		{C2F2BD62-26EF-83A6-99D5-A0E61478A40A}.Release|Any CPU.ActiveCfg = Release|Any CPU
		{C2F2BD62-26EF-83A6-99D5-A0E61478A40A}.Release|Any CPU.Build.0 = Release|Any CPU
	EndGlobalSection
	GlobalSection(SolutionProperties) = preSolution
		HideSolutionNode = FALSE
	EndGlobalSection
	GlobalSection(ExtensibilityGlobals) = postSolution
		SolutionGuid = {19DC7DE5-EA29-4A07-9EF0-B79076664284}
	EndGlobalSection
EndGlobal
