Microsoft Visual Studio Solution File, Format Version 12.00
# Visual Studio Version 17
VisualStudioVersion = 17.5.2.0
MinimumVisualStudioVersion = 10.0.40219.1
Project("{FAE04EC0-301F-11D3-BF4B-00C04F79EFBC}") = "HomeWork04", "HomeWork04.csproj", "{B92E3EBC-C5CB-AD5E-92EF-FD17DE0E80FA}"
EndProject
Global
	GlobalSection(SolutionConfigurationPlatforms) = preSolution
		Debug|Any CPU = Debug|Any CPU
		Release|Any CPU = Release|Any CPU
	EndGlobalSection
	GlobalSection(ProjectConfigurationPlatforms) = postSolution
		{B92E3EBC-C5CB-AD5E-92EF-FD17DE0E80FA}.Debug|Any CPU.ActiveCfg = Debug|Any CPU
		{B92E3EBC-C5CB-AD5E-92EF-FD17DE0E80FA}.Debug|Any CPU.Build.0 = Debug|Any CPU
		{B92E3EBC-C5CB-AD5E-92EF-FD17DE0E80FA}.Release|Any CPU.ActiveCfg = Release|Any CPU
		{B92E3EBC-C5CB-AD5E-92EF-FD17DE0E80FA}.Release|Any CPU.Build.0 = Release|Any CPU
	EndGlobalSection
	GlobalSection(SolutionProperties) = preSolution
		HideSolutionNode = FALSE
	EndGlobalSection
	GlobalSection(ExtensibilityGlobals) = postSolution
		SolutionGuid = {5F5E70FC-1F13-4DD5-AA54-2D33746CC8BC}
	EndGlobalSection
EndGlobal
