Microsoft Visual Studio Solution File, Format Version 12.00
# Visual Studio Version 17
VisualStudioVersion = 17.5.2.0
MinimumVisualStudioVersion = 10.0.40219.1
Project("{FAE04EC0-301F-11D3-BF4B-00C04F79EFBC}") = "proje12_Metotlar_AsiriYuklenme", "proje12_Metotlar_AsiriYuklenme.csproj", "{492B9611-AEA6-415D-3CC8-591978AD37B7}"
EndProject
Global
	GlobalSection(SolutionConfigurationPlatforms) = preSolution
		Debug|Any CPU = Debug|Any CPU
		Release|Any CPU = Release|Any CPU
	EndGlobalSection
	GlobalSection(ProjectConfigurationPlatforms) = postSolution
		{492B9611-AEA6-415D-3CC8-591978AD37B7}.Debug|Any CPU.ActiveCfg = Debug|Any CPU
		{492B9611-AEA6-415D-3CC8-591978AD37B7}.Debug|Any CPU.Build.0 = Debug|Any CPU
		{492B9611-AEA6-415D-3CC8-591978AD37B7}.Release|Any CPU.ActiveCfg = Release|Any CPU
		{492B9611-AEA6-415D-3CC8-591978AD37B7}.Release|Any CPU.Build.0 = Release|Any CPU
	EndGlobalSection
	GlobalSection(SolutionProperties) = preSolution
		HideSolutionNode = FALSE
	EndGlobalSection
	GlobalSection(ExtensibilityGlobals) = postSolution
		SolutionGuid = {9F983407-A91D-49A0-B002-DFE88D1A9DD7}
	EndGlobalSection
EndGlobal
