Microsoft Visual Studio Solution File, Format Version 12.00
# Visual Studio Version 17
VisualStudioVersion = 17.5.2.0
MinimumVisualStudioVersion = 10.0.40219.1
Project("{FAE04EC0-301F-11D3-BF4B-00C04F79EFBC}") = "Proje02_Degiskenler_Veri_Tipleri", "Proje02_Degiskenler_Veri_Tipleri.csproj", "{7288450C-C587-2BE0-2D88-7FC146E01BB4}"
EndProject
Global
	GlobalSection(SolutionConfigurationPlatforms) = preSolution
		Debug|Any CPU = Debug|Any CPU
		Release|Any CPU = Release|Any CPU
	EndGlobalSection
	GlobalSection(ProjectConfigurationPlatforms) = postSolution
		{7288450C-C587-2BE0-2D88-7FC146E01BB4}.Debug|Any CPU.ActiveCfg = Debug|Any CPU
		{7288450C-C587-2BE0-2D88-7FC146E01BB4}.Debug|Any CPU.Build.0 = Debug|Any CPU
		{7288450C-C587-2BE0-2D88-7FC146E01BB4}.Release|Any CPU.ActiveCfg = Release|Any CPU
		{7288450C-C587-2BE0-2D88-7FC146E01BB4}.Release|Any CPU.Build.0 = Release|Any CPU
	EndGlobalSection
	GlobalSection(SolutionProperties) = preSolution
		HideSolutionNode = FALSE
	EndGlobalSection
	GlobalSection(ExtensibilityGlobals) = postSolution
		SolutionGuid = {A6632BE3-3347-4F20-BD28-5CE93FA7601B}
	EndGlobalSection
EndGlobal
