Microsoft Visual Studio Solution File, Format Version 12.00
# Visual Studio Version 17
VisualStudioVersion = 17.5.2.0
MinimumVisualStudioVersion = 10.0.40219.1
Project("{FAE04EC0-301F-11D3-BF4B-00C04F79EFBC}") = "Kolay_Seviye_Alistirmalar", "Kolay_Seviye_Alistirmalar.csproj", "{7A68633B-D62F-4EDB-8C5B-C89EF5EDB517}"
EndProject
Global
	GlobalSection(SolutionConfigurationPlatforms) = preSolution
		Debug|Any CPU = Debug|Any CPU
		Release|Any CPU = Release|Any CPU
	EndGlobalSection
	GlobalSection(ProjectConfigurationPlatforms) = postSolution
		{7A68633B-D62F-4EDB-8C5B-C89EF5EDB517}.Debug|Any CPU.ActiveCfg = Debug|Any CPU
		{7A68633B-D62F-4EDB-8C5B-C89EF5EDB517}.Debug|Any CPU.Build.0 = Debug|Any CPU
		{7A68633B-D62F-4EDB-8C5B-C89EF5EDB517}.Release|Any CPU.ActiveCfg = Release|Any CPU
		{7A68633B-D62F-4EDB-8C5B-C89EF5EDB517}.Release|Any CPU.Build.0 = Release|Any CPU
	EndGlobalSection
	GlobalSection(SolutionProperties) = preSolution
		HideSolutionNode = FALSE
	EndGlobalSection
	GlobalSection(ExtensibilityGlobals) = postSolution
		SolutionGuid = {3ABBFB65-B182-4A35-BC64-78E1949FD1D8}
	EndGlobalSection
EndGlobal
