Microsoft Visual Studio Solution File, Format Version 12.00
# Visual Studio Version 17
VisualStudioVersion = 17.5.2.0
MinimumVisualStudioVersion = 10.0.40219.1
Project("{FAE04EC0-301F-11D3-BF4B-00C04F79EFBC}") = "Proje13_Sayi_Tahmin_Oyunu", "Proje13_Sayi_Tahmin_Oyunu.csproj", "{8AB56050-7109-AEEF-5F2E-DBC48FEE077C}"
EndProject
Global
	GlobalSection(SolutionConfigurationPlatforms) = preSolution
		Debug|Any CPU = Debug|Any CPU
		Release|Any CPU = Release|Any CPU
	EndGlobalSection
	GlobalSection(ProjectConfigurationPlatforms) = postSolution
		{8AB56050-7109-AEEF-5F2E-DBC48FEE077C}.Debug|Any CPU.ActiveCfg = Debug|Any CPU
		{8AB56050-7109-AEEF-5F2E-DBC48FEE077C}.Debug|Any CPU.Build.0 = Debug|Any CPU
		{8AB56050-7109-AEEF-5F2E-DBC48FEE077C}.Release|Any CPU.ActiveCfg = Release|Any CPU
		{8AB56050-7109-AEEF-5F2E-DBC48FEE077C}.Release|Any CPU.Build.0 = Release|Any CPU
	EndGlobalSection
	GlobalSection(SolutionProperties) = preSolution
		HideSolutionNode = FALSE
	EndGlobalSection
	GlobalSection(ExtensibilityGlobals) = postSolution
		SolutionGuid = {B4002064-EF84-4306-A727-2B4907C9FC8A}
	EndGlobalSection
EndGlobal
